
Microsoft Visual Studio Solution File, Format Version 12.00
# Visual Studio 14
VisualStudioVersion = 14.0.23107.0
MinimumVisualStudioVersion = 10.0.40219.1
Project("{2150E333-8FDC-42A3-9474-1A3956D46DE8}") = "UI", "UI", "{00DD247B-1096-4C57-A724-FFCA577067ED}"
EndProject
Project("{2150E333-8FDC-42A3-9474-1A3956D46DE8}") = "WebHelper", "WebHelper", "{BD399DFB-9A9C-4657-8970-D4E5F076AD10}"
EndProject
Project("{2150E333-8FDC-42A3-9474-1A3956D46DE8}") = "CustomHelper", "CustomHelper", "{3F006996-A59D-4523-A58B-75636BD57D8E}"
EndProject
Project("{2150E333-8FDC-42A3-9474-1A3956D46DE8}") = "DBUtility", "DBUtility", "{463CC398-407D-46FB-9CDF-7751A5612FDD}"
EndProject
Project("{2150E333-8FDC-42A3-9474-1A3956D46DE8}") = "Cache", "Cache", "{2BD777F4-8107-4F16-816F-6190FCDF15AD}"
EndProject
Project("{2150E333-8FDC-42A3-9474-1A3956D46DE8}") = "DAL", "DAL", "{B20534ED-367E-4CB1-928E-4BA2902ECEB3}"
EndProject
Project("{2150E333-8FDC-42A3-9474-1A3956D46DE8}") = "BLL", "BLL", "{1074F619-11B2-4612-B4CA-B1FD9D6E6DDA}"
EndProject
Project("{2150E333-8FDC-42A3-9474-1A3956D46DE8}") = "IDAL", "IDAL", "{7C8EA171-EFA4-4232-977B-24B19458AF8F}"
EndProject
Project("{2150E333-8FDC-42A3-9474-1A3956D46DE8}") = "Model", "Model", "{C9394F79-3A14-45A1-82B4-4F8C323F625A}"
EndProject
Project("{2150E333-8FDC-42A3-9474-1A3956D46DE8}") = "DALFactory", "DALFactory", "{7179F820-128C-46C0-A8F7-CC410092702F}"
EndProject
Project("{2150E333-8FDC-42A3-9474-1A3956D46DE8}") = "Thread", "Thread", "{F5C4DAE1-89BC-4035-8DD0-EE7E0201B66C}"
EndProject
Project("{2150E333-8FDC-42A3-9474-1A3956D46DE8}") = "MSMQ", "MSMQ", "{5E92568F-4040-4205-855D-BA7DD03824D3}"
EndProject
Project("{FAE04EC0-301F-11D3-BF4B-00C04F79EFBC}") = "Web", "Web\Web.csproj", "{3D1F8B12-DEC3-4453-955D-6BEA2878F46A}"
EndProject
Project("{FAE04EC0-301F-11D3-BF4B-00C04F79EFBC}") = "WebHelper", "WebHelper\WebHelper.csproj", "{B5E5353F-037B-49E7-BD00-70557DB08B2F}"
EndProject
Project("{FAE04EC0-301F-11D3-BF4B-00C04F79EFBC}") = "CustomProvider", "CustomProvider\CustomProvider.csproj", "{691037EC-8D84-488E-ADD3-205759982458}"
EndProject
Project("{FAE04EC0-301F-11D3-BF4B-00C04F79EFBC}") = "DBUtility", "DBUtility\DBUtility.csproj", "{2370789E-6B67-47AB-86C7-15B95055F269}"
EndProject
Project("{FAE04EC0-301F-11D3-BF4B-00C04F79EFBC}") = "CacheHelper", "CacheHelper\CacheHelper.csproj", "{5C53032A-A725-4DE8-92DC-1117C20DCB32}"
EndProject
Project("{FAE04EC0-301F-11D3-BF4B-00C04F79EFBC}") = "Model", "Model\Model.csproj", "{BD840EB2-A60D-4985-BEC4-491574A32BA6}"
EndProject
Project("{FAE04EC0-301F-11D3-BF4B-00C04F79EFBC}") = "IDAL", "IDAL\IDAL.csproj", "{9ACA238B-F7AB-473C-B296-6851D018747A}"
EndProject
Project("{FAE04EC0-301F-11D3-BF4B-00C04F79EFBC}") = "DAL.MsSqlProvider", "DAL.MsSqlProvider\DAL.MsSqlProvider.csproj", "{D0CFE31A-F8E7-4D03-BBD7-0586C57E7AD3}"
EndProject
Project("{FAE04EC0-301F-11D3-BF4B-00C04F79EFBC}") = "DALFactory", "DALFactory\DALFactory.csproj", "{D13AF668-0883-41AD-A727-4D05986C5072}"
EndProject
Project("{FAE04EC0-301F-11D3-BF4B-00C04F79EFBC}") = "BLL", "BLL\BLL.csproj", "{F67A4F66-E223-4C8A-AF55-66069F574D94}"
EndProject
Project("{FAE04EC0-301F-11D3-BF4B-00C04F79EFBC}") = "DAL.XmlProvider", "DAL.XmlProvider\DAL.XmlProvider.csproj", "{78A9B48F-A929-42B7-9C32-52F614233D7C}"
EndProject
Project("{FAE04EC0-301F-11D3-BF4B-00C04F79EFBC}") = "ThreadHelper", "ThreadHelper\ThreadHelper.csproj", "{F7CDC8A3-AE47-4CA4-A5B3-B630818A59CE}"
EndProject
Project("{FAE04EC0-301F-11D3-BF4B-00C04F79EFBC}") = "IMessaging", "IMessaging\IMessaging.csproj", "{516CBA7E-B7F6-4009-8283-9137DB6EFD92}"
EndProject
Project("{FAE04EC0-301F-11D3-BF4B-00C04F79EFBC}") = "IBLLStrategy", "IBLLStrategy\IBLLStrategy.csproj", "{28B9F59F-DC90-455E-BB70-18619768BE6E}"
EndProject
Project("{FAE04EC0-301F-11D3-BF4B-00C04F79EFBC}") = "MessagingFactory", "MessagingFactory\MessagingFactory.csproj", "{17D75892-2DA2-4D81-B74F-3E5C5D2C9A95}"
EndProject
Project("{FAE04EC0-301F-11D3-BF4B-00C04F79EFBC}") = "MsmqMessaging", "MsmqMessaging\MsmqMessaging.csproj", "{8C8BCF26-6CB9-4A9F-916A-4AFD2E311073}"
EndProject
Project("{FAE04EC0-301F-11D3-BF4B-00C04F79EFBC}") = "TaskProcessor", "TaskProcessor\TaskProcessor.csproj", "{DB81C22A-CBBD-438F-AE8D-D355D12F9C5F}"
EndProject
Global
	GlobalSection(SolutionConfigurationPlatforms) = preSolution
		Debug|Any CPU = Debug|Any CPU
		Debug|Mixed Platforms = Debug|Mixed Platforms
		Debug|x86 = Debug|x86
		Release|Any CPU = Release|Any CPU
		Release|Mixed Platforms = Release|Mixed Platforms
		Release|x86 = Release|x86
	EndGlobalSection
	GlobalSection(ProjectConfigurationPlatforms) = postSolution
		{3D1F8B12-DEC3-4453-955D-6BEA2878F46A}.Debug|Any CPU.ActiveCfg = Debug|Any CPU
		{3D1F8B12-DEC3-4453-955D-6BEA2878F46A}.Debug|Any CPU.Build.0 = Debug|Any CPU
		{3D1F8B12-DEC3-4453-955D-6BEA2878F46A}.Debug|Mixed Platforms.ActiveCfg = Debug|Any CPU
		{3D1F8B12-DEC3-4453-955D-6BEA2878F46A}.Debug|Mixed Platforms.Build.0 = Debug|Any CPU
		{3D1F8B12-DEC3-4453-955D-6BEA2878F46A}.Debug|x86.ActiveCfg = Debug|Any CPU
		{3D1F8B12-DEC3-4453-955D-6BEA2878F46A}.Release|Any CPU.ActiveCfg = Release|Any CPU
		{3D1F8B12-DEC3-4453-955D-6BEA2878F46A}.Release|Any CPU.Build.0 = Release|Any CPU
		{3D1F8B12-DEC3-4453-955D-6BEA2878F46A}.Release|Mixed Platforms.ActiveCfg = Release|Any CPU
		{3D1F8B12-DEC3-4453-955D-6BEA2878F46A}.Release|Mixed Platforms.Build.0 = Release|Any CPU
		{3D1F8B12-DEC3-4453-955D-6BEA2878F46A}.Release|x86.ActiveCfg = Release|Any CPU
		{B5E5353F-037B-49E7-BD00-70557DB08B2F}.Debug|Any CPU.ActiveCfg = Debug|Any CPU
		{B5E5353F-037B-49E7-BD00-70557DB08B2F}.Debug|Any CPU.Build.0 = Debug|Any CPU
		{B5E5353F-037B-49E7-BD00-70557DB08B2F}.Debug|Mixed Platforms.ActiveCfg = Debug|Any CPU
		{B5E5353F-037B-49E7-BD00-70557DB08B2F}.Debug|Mixed Platforms.Build.0 = Debug|Any CPU
		{B5E5353F-037B-49E7-BD00-70557DB08B2F}.Debug|x86.ActiveCfg = Debug|Any CPU
		{B5E5353F-037B-49E7-BD00-70557DB08B2F}.Release|Any CPU.ActiveCfg = Release|Any CPU
		{B5E5353F-037B-49E7-BD00-70557DB08B2F}.Release|Any CPU.Build.0 = Release|Any CPU
		{B5E5353F-037B-49E7-BD00-70557DB08B2F}.Release|Mixed Platforms.ActiveCfg = Release|Any CPU
		{B5E5353F-037B-49E7-BD00-70557DB08B2F}.Release|Mixed Platforms.Build.0 = Release|Any CPU
		{B5E5353F-037B-49E7-BD00-70557DB08B2F}.Release|x86.ActiveCfg = Release|Any CPU
		{691037EC-8D84-488E-ADD3-205759982458}.Debug|Any CPU.ActiveCfg = Debug|Any CPU
		{691037EC-8D84-488E-ADD3-205759982458}.Debug|Any CPU.Build.0 = Debug|Any CPU
		{691037EC-8D84-488E-ADD3-205759982458}.Debug|Mixed Platforms.ActiveCfg = Debug|Any CPU
		{691037EC-8D84-488E-ADD3-205759982458}.Debug|Mixed Platforms.Build.0 = Debug|Any CPU
		{691037EC-8D84-488E-ADD3-205759982458}.Debug|x86.ActiveCfg = Debug|Any CPU
		{691037EC-8D84-488E-ADD3-205759982458}.Release|Any CPU.ActiveCfg = Release|Any CPU
		{691037EC-8D84-488E-ADD3-205759982458}.Release|Any CPU.Build.0 = Release|Any CPU
		{691037EC-8D84-488E-ADD3-205759982458}.Release|Mixed Platforms.ActiveCfg = Release|Any CPU
		{691037EC-8D84-488E-ADD3-205759982458}.Release|Mixed Platforms.Build.0 = Release|Any CPU
		{691037EC-8D84-488E-ADD3-205759982458}.Release|x86.ActiveCfg = Release|Any CPU
		{2370789E-6B67-47AB-86C7-15B95055F269}.Debug|Any CPU.ActiveCfg = Debug|Any CPU
		{2370789E-6B67-47AB-86C7-15B95055F269}.Debug|Any CPU.Build.0 = Debug|Any CPU
		{2370789E-6B67-47AB-86C7-15B95055F269}.Debug|Mixed Platforms.ActiveCfg = Debug|Any CPU
		{2370789E-6B67-47AB-86C7-15B95055F269}.Debug|Mixed Platforms.Build.0 = Debug|Any CPU
		{2370789E-6B67-47AB-86C7-15B95055F269}.Debug|x86.ActiveCfg = Debug|Any CPU
		{2370789E-6B67-47AB-86C7-15B95055F269}.Release|Any CPU.ActiveCfg = Release|Any CPU
		{2370789E-6B67-47AB-86C7-15B95055F269}.Release|Any CPU.Build.0 = Release|Any CPU
		{2370789E-6B67-47AB-86C7-15B95055F269}.Release|Mixed Platforms.ActiveCfg = Release|Any CPU
		{2370789E-6B67-47AB-86C7-15B95055F269}.Release|Mixed Platforms.Build.0 = Release|Any CPU
		{2370789E-6B67-47AB-86C7-15B95055F269}.Release|x86.ActiveCfg = Release|Any CPU
		{5C53032A-A725-4DE8-92DC-1117C20DCB32}.Debug|Any CPU.ActiveCfg = Debug|Any CPU
		{5C53032A-A725-4DE8-92DC-1117C20DCB32}.Debug|Any CPU.Build.0 = Debug|Any CPU
		{5C53032A-A725-4DE8-92DC-1117C20DCB32}.Debug|Mixed Platforms.ActiveCfg = Debug|Any CPU
		{5C53032A-A725-4DE8-92DC-1117C20DCB32}.Debug|Mixed Platforms.Build.0 = Debug|Any CPU
		{5C53032A-A725-4DE8-92DC-1117C20DCB32}.Debug|x86.ActiveCfg = Debug|Any CPU
		{5C53032A-A725-4DE8-92DC-1117C20DCB32}.Release|Any CPU.ActiveCfg = Release|Any CPU
		{5C53032A-A725-4DE8-92DC-1117C20DCB32}.Release|Any CPU.Build.0 = Release|Any CPU
		{5C53032A-A725-4DE8-92DC-1117C20DCB32}.Release|Mixed Platforms.ActiveCfg = Release|Any CPU
		{5C53032A-A725-4DE8-92DC-1117C20DCB32}.Release|Mixed Platforms.Build.0 = Release|Any CPU
		{5C53032A-A725-4DE8-92DC-1117C20DCB32}.Release|x86.ActiveCfg = Release|Any CPU
		{BD840EB2-A60D-4985-BEC4-491574A32BA6}.Debug|Any CPU.ActiveCfg = Debug|Any CPU
		{BD840EB2-A60D-4985-BEC4-491574A32BA6}.Debug|Any CPU.Build.0 = Debug|Any CPU
		{BD840EB2-A60D-4985-BEC4-491574A32BA6}.Debug|Mixed Platforms.ActiveCfg = Debug|Any CPU
		{BD840EB2-A60D-4985-BEC4-491574A32BA6}.Debug|Mixed Platforms.Build.0 = Debug|Any CPU
		{BD840EB2-A60D-4985-BEC4-491574A32BA6}.Debug|x86.ActiveCfg = Debug|Any CPU
		{BD840EB2-A60D-4985-BEC4-491574A32BA6}.Release|Any CPU.ActiveCfg = Release|Any CPU
		{BD840EB2-A60D-4985-BEC4-491574A32BA6}.Release|Any CPU.Build.0 = Release|Any CPU
		{BD840EB2-A60D-4985-BEC4-491574A32BA6}.Release|Mixed Platforms.ActiveCfg = Release|Any CPU
		{BD840EB2-A60D-4985-BEC4-491574A32BA6}.Release|Mixed Platforms.Build.0 = Release|Any CPU
		{BD840EB2-A60D-4985-BEC4-491574A32BA6}.Release|x86.ActiveCfg = Release|Any CPU
		{9ACA238B-F7AB-473C-B296-6851D018747A}.Debug|Any CPU.ActiveCfg = Debug|Any CPU
		{9ACA238B-F7AB-473C-B296-6851D018747A}.Debug|Any CPU.Build.0 = Debug|Any CPU
		{9ACA238B-F7AB-473C-B296-6851D018747A}.Debug|Mixed Platforms.ActiveCfg = Debug|Any CPU
		{9ACA238B-F7AB-473C-B296-6851D018747A}.Debug|Mixed Platforms.Build.0 = Debug|Any CPU
		{9ACA238B-F7AB-473C-B296-6851D018747A}.Debug|x86.ActiveCfg = Debug|Any CPU
		{9ACA238B-F7AB-473C-B296-6851D018747A}.Release|Any CPU.ActiveCfg = Release|Any CPU
		{9ACA238B-F7AB-473C-B296-6851D018747A}.Release|Any CPU.Build.0 = Release|Any CPU
		{9ACA238B-F7AB-473C-B296-6851D018747A}.Release|Mixed Platforms.ActiveCfg = Release|Any CPU
		{9ACA238B-F7AB-473C-B296-6851D018747A}.Release|Mixed Platforms.Build.0 = Release|Any CPU
		{9ACA238B-F7AB-473C-B296-6851D018747A}.Release|x86.ActiveCfg = Release|Any CPU
		{D0CFE31A-F8E7-4D03-BBD7-0586C57E7AD3}.Debug|Any CPU.ActiveCfg = Debug|Any CPU
		{D0CFE31A-F8E7-4D03-BBD7-0586C57E7AD3}.Debug|Any CPU.Build.0 = Debug|Any CPU
		{D0CFE31A-F8E7-4D03-BBD7-0586C57E7AD3}.Debug|Mixed Platforms.ActiveCfg = Debug|Any CPU
		{D0CFE31A-F8E7-4D03-BBD7-0586C57E7AD3}.Debug|Mixed Platforms.Build.0 = Debug|Any CPU
		{D0CFE31A-F8E7-4D03-BBD7-0586C57E7AD3}.Debug|x86.ActiveCfg = Debug|Any CPU
		{D0CFE31A-F8E7-4D03-BBD7-0586C57E7AD3}.Release|Any CPU.ActiveCfg = Release|Any CPU
		{D0CFE31A-F8E7-4D03-BBD7-0586C57E7AD3}.Release|Any CPU.Build.0 = Release|Any CPU
		{D0CFE31A-F8E7-4D03-BBD7-0586C57E7AD3}.Release|Mixed Platforms.ActiveCfg = Release|Any CPU
		{D0CFE31A-F8E7-4D03-BBD7-0586C57E7AD3}.Release|Mixed Platforms.Build.0 = Release|Any CPU
		{D0CFE31A-F8E7-4D03-BBD7-0586C57E7AD3}.Release|x86.ActiveCfg = Release|Any CPU
		{D13AF668-0883-41AD-A727-4D05986C5072}.Debug|Any CPU.ActiveCfg = Debug|Any CPU
		{D13AF668-0883-41AD-A727-4D05986C5072}.Debug|Any CPU.Build.0 = Debug|Any CPU
		{D13AF668-0883-41AD-A727-4D05986C5072}.Debug|Mixed Platforms.ActiveCfg = Debug|Any CPU
		{D13AF668-0883-41AD-A727-4D05986C5072}.Debug|Mixed Platforms.Build.0 = Debug|Any CPU
		{D13AF668-0883-41AD-A727-4D05986C5072}.Debug|x86.ActiveCfg = Debug|Any CPU
		{D13AF668-0883-41AD-A727-4D05986C5072}.Release|Any CPU.ActiveCfg = Release|Any CPU
		{D13AF668-0883-41AD-A727-4D05986C5072}.Release|Any CPU.Build.0 = Release|Any CPU
		{D13AF668-0883-41AD-A727-4D05986C5072}.Release|Mixed Platforms.ActiveCfg = Release|Any CPU
		{D13AF668-0883-41AD-A727-4D05986C5072}.Release|Mixed Platforms.Build.0 = Release|Any CPU
		{D13AF668-0883-41AD-A727-4D05986C5072}.Release|x86.ActiveCfg = Release|Any CPU
		{F67A4F66-E223-4C8A-AF55-66069F574D94}.Debug|Any CPU.ActiveCfg = Debug|Any CPU
		{F67A4F66-E223-4C8A-AF55-66069F574D94}.Debug|Any CPU.Build.0 = Debug|Any CPU
		{F67A4F66-E223-4C8A-AF55-66069F574D94}.Debug|Mixed Platforms.ActiveCfg = Debug|Any CPU
		{F67A4F66-E223-4C8A-AF55-66069F574D94}.Debug|Mixed Platforms.Build.0 = Debug|Any CPU
		{F67A4F66-E223-4C8A-AF55-66069F574D94}.Debug|x86.ActiveCfg = Debug|Any CPU
		{F67A4F66-E223-4C8A-AF55-66069F574D94}.Release|Any CPU.ActiveCfg = Release|Any CPU
		{F67A4F66-E223-4C8A-AF55-66069F574D94}.Release|Any CPU.Build.0 = Release|Any CPU
		{F67A4F66-E223-4C8A-AF55-66069F574D94}.Release|Mixed Platforms.ActiveCfg = Release|Any CPU
		{F67A4F66-E223-4C8A-AF55-66069F574D94}.Release|Mixed Platforms.Build.0 = Release|Any CPU
		{F67A4F66-E223-4C8A-AF55-66069F574D94}.Release|x86.ActiveCfg = Release|Any CPU
		{78A9B48F-A929-42B7-9C32-52F614233D7C}.Debug|Any CPU.ActiveCfg = Debug|Any CPU
		{78A9B48F-A929-42B7-9C32-52F614233D7C}.Debug|Any CPU.Build.0 = Debug|Any CPU
		{78A9B48F-A929-42B7-9C32-52F614233D7C}.Debug|Mixed Platforms.ActiveCfg = Debug|Any CPU
		{78A9B48F-A929-42B7-9C32-52F614233D7C}.Debug|Mixed Platforms.Build.0 = Debug|Any CPU
		{78A9B48F-A929-42B7-9C32-52F614233D7C}.Debug|x86.ActiveCfg = Debug|Any CPU
		{78A9B48F-A929-42B7-9C32-52F614233D7C}.Release|Any CPU.ActiveCfg = Release|Any CPU
		{78A9B48F-A929-42B7-9C32-52F614233D7C}.Release|Any CPU.Build.0 = Release|Any CPU
		{78A9B48F-A929-42B7-9C32-52F614233D7C}.Release|Mixed Platforms.ActiveCfg = Release|Any CPU
		{78A9B48F-A929-42B7-9C32-52F614233D7C}.Release|Mixed Platforms.Build.0 = Release|Any CPU
		{78A9B48F-A929-42B7-9C32-52F614233D7C}.Release|x86.ActiveCfg = Release|Any CPU
		{F7CDC8A3-AE47-4CA4-A5B3-B630818A59CE}.Debug|Any CPU.ActiveCfg = Debug|Any CPU
		{F7CDC8A3-AE47-4CA4-A5B3-B630818A59CE}.Debug|Any CPU.Build.0 = Debug|Any CPU
		{F7CDC8A3-AE47-4CA4-A5B3-B630818A59CE}.Debug|Mixed Platforms.ActiveCfg = Debug|Any CPU
		{F7CDC8A3-AE47-4CA4-A5B3-B630818A59CE}.Debug|Mixed Platforms.Build.0 = Debug|Any CPU
		{F7CDC8A3-AE47-4CA4-A5B3-B630818A59CE}.Debug|x86.ActiveCfg = Debug|Any CPU
		{F7CDC8A3-AE47-4CA4-A5B3-B630818A59CE}.Release|Any CPU.ActiveCfg = Release|Any CPU
		{F7CDC8A3-AE47-4CA4-A5B3-B630818A59CE}.Release|Any CPU.Build.0 = Release|Any CPU
		{F7CDC8A3-AE47-4CA4-A5B3-B630818A59CE}.Release|Mixed Platforms.ActiveCfg = Release|Any CPU
		{F7CDC8A3-AE47-4CA4-A5B3-B630818A59CE}.Release|Mixed Platforms.Build.0 = Release|Any CPU
		{F7CDC8A3-AE47-4CA4-A5B3-B630818A59CE}.Release|x86.ActiveCfg = Release|Any CPU
		{516CBA7E-B7F6-4009-8283-9137DB6EFD92}.Debug|Any CPU.ActiveCfg = Debug|Any CPU
		{516CBA7E-B7F6-4009-8283-9137DB6EFD92}.Debug|Any CPU.Build.0 = Debug|Any CPU
		{516CBA7E-B7F6-4009-8283-9137DB6EFD92}.Debug|Mixed Platforms.ActiveCfg = Debug|Any CPU
		{516CBA7E-B7F6-4009-8283-9137DB6EFD92}.Debug|Mixed Platforms.Build.0 = Debug|Any CPU
		{516CBA7E-B7F6-4009-8283-9137DB6EFD92}.Debug|x86.ActiveCfg = Debug|Any CPU
		{516CBA7E-B7F6-4009-8283-9137DB6EFD92}.Release|Any CPU.ActiveCfg = Release|Any CPU
		{516CBA7E-B7F6-4009-8283-9137DB6EFD92}.Release|Any CPU.Build.0 = Release|Any CPU
		{516CBA7E-B7F6-4009-8283-9137DB6EFD92}.Release|Mixed Platforms.ActiveCfg = Release|Any CPU
		{516CBA7E-B7F6-4009-8283-9137DB6EFD92}.Release|Mixed Platforms.Build.0 = Release|Any CPU
		{516CBA7E-B7F6-4009-8283-9137DB6EFD92}.Release|x86.ActiveCfg = Release|Any CPU
		{28B9F59F-DC90-455E-BB70-18619768BE6E}.Debug|Any CPU.ActiveCfg = Debug|Any CPU
		{28B9F59F-DC90-455E-BB70-18619768BE6E}.Debug|Any CPU.Build.0 = Debug|Any CPU
		{28B9F59F-DC90-455E-BB70-18619768BE6E}.Debug|Mixed Platforms.ActiveCfg = Debug|Any CPU
		{28B9F59F-DC90-455E-BB70-18619768BE6E}.Debug|Mixed Platforms.Build.0 = Debug|Any CPU
		{28B9F59F-DC90-455E-BB70-18619768BE6E}.Debug|x86.ActiveCfg = Debug|Any CPU
		{28B9F59F-DC90-455E-BB70-18619768BE6E}.Release|Any CPU.ActiveCfg = Release|Any CPU
		{28B9F59F-DC90-455E-BB70-18619768BE6E}.Release|Any CPU.Build.0 = Release|Any CPU
		{28B9F59F-DC90-455E-BB70-18619768BE6E}.Release|Mixed Platforms.ActiveCfg = Release|Any CPU
		{28B9F59F-DC90-455E-BB70-18619768BE6E}.Release|Mixed Platforms.Build.0 = Release|Any CPU
		{28B9F59F-DC90-455E-BB70-18619768BE6E}.Release|x86.ActiveCfg = Release|Any CPU
		{17D75892-2DA2-4D81-B74F-3E5C5D2C9A95}.Debug|Any CPU.ActiveCfg = Debug|Any CPU
		{17D75892-2DA2-4D81-B74F-3E5C5D2C9A95}.Debug|Any CPU.Build.0 = Debug|Any CPU
		{17D75892-2DA2-4D81-B74F-3E5C5D2C9A95}.Debug|Mixed Platforms.ActiveCfg = Debug|Any CPU
		{17D75892-2DA2-4D81-B74F-3E5C5D2C9A95}.Debug|Mixed Platforms.Build.0 = Debug|Any CPU
		{17D75892-2DA2-4D81-B74F-3E5C5D2C9A95}.Debug|x86.ActiveCfg = Debug|Any CPU
		{17D75892-2DA2-4D81-B74F-3E5C5D2C9A95}.Release|Any CPU.ActiveCfg = Release|Any CPU
		{17D75892-2DA2-4D81-B74F-3E5C5D2C9A95}.Release|Any CPU.Build.0 = Release|Any CPU
		{17D75892-2DA2-4D81-B74F-3E5C5D2C9A95}.Release|Mixed Platforms.ActiveCfg = Release|Any CPU
		{17D75892-2DA2-4D81-B74F-3E5C5D2C9A95}.Release|Mixed Platforms.Build.0 = Release|Any CPU
		{17D75892-2DA2-4D81-B74F-3E5C5D2C9A95}.Release|x86.ActiveCfg = Release|Any CPU
		{8C8BCF26-6CB9-4A9F-916A-4AFD2E311073}.Debug|Any CPU.ActiveCfg = Debug|Any CPU
		{8C8BCF26-6CB9-4A9F-916A-4AFD2E311073}.Debug|Any CPU.Build.0 = Debug|Any CPU
		{8C8BCF26-6CB9-4A9F-916A-4AFD2E311073}.Debug|Mixed Platforms.ActiveCfg = Debug|Any CPU
		{8C8BCF26-6CB9-4A9F-916A-4AFD2E311073}.Debug|Mixed Platforms.Build.0 = Debug|Any CPU
		{8C8BCF26-6CB9-4A9F-916A-4AFD2E311073}.Debug|x86.ActiveCfg = Debug|Any CPU
		{8C8BCF26-6CB9-4A9F-916A-4AFD2E311073}.Release|Any CPU.ActiveCfg = Release|Any CPU
		{8C8BCF26-6CB9-4A9F-916A-4AFD2E311073}.Release|Any CPU.Build.0 = Release|Any CPU
		{8C8BCF26-6CB9-4A9F-916A-4AFD2E311073}.Release|Mixed Platforms.ActiveCfg = Release|Any CPU
		{8C8BCF26-6CB9-4A9F-916A-4AFD2E311073}.Release|Mixed Platforms.Build.0 = Release|Any CPU
		{8C8BCF26-6CB9-4A9F-916A-4AFD2E311073}.Release|x86.ActiveCfg = Release|Any CPU
		{DB81C22A-CBBD-438F-AE8D-D355D12F9C5F}.Debug|Any CPU.ActiveCfg = Debug|x86
		{DB81C22A-CBBD-438F-AE8D-D355D12F9C5F}.Debug|Mixed Platforms.ActiveCfg = Debug|x86
		{DB81C22A-CBBD-438F-AE8D-D355D12F9C5F}.Debug|Mixed Platforms.Build.0 = Debug|x86
		{DB81C22A-CBBD-438F-AE8D-D355D12F9C5F}.Debug|x86.ActiveCfg = Debug|x86
		{DB81C22A-CBBD-438F-AE8D-D355D12F9C5F}.Debug|x86.Build.0 = Debug|x86
		{DB81C22A-CBBD-438F-AE8D-D355D12F9C5F}.Release|Any CPU.ActiveCfg = Release|x86
		{DB81C22A-CBBD-438F-AE8D-D355D12F9C5F}.Release|Mixed Platforms.ActiveCfg = Release|x86
		{DB81C22A-CBBD-438F-AE8D-D355D12F9C5F}.Release|Mixed Platforms.Build.0 = Release|x86
		{DB81C22A-CBBD-438F-AE8D-D355D12F9C5F}.Release|x86.ActiveCfg = Release|x86
		{DB81C22A-CBBD-438F-AE8D-D355D12F9C5F}.Release|x86.Build.0 = Release|x86
	EndGlobalSection
	GlobalSection(SolutionProperties) = preSolution
		HideSolutionNode = FALSE
	EndGlobalSection
	GlobalSection(NestedProjects) = preSolution
		{3D1F8B12-DEC3-4453-955D-6BEA2878F46A} = {00DD247B-1096-4C57-A724-FFCA577067ED}
		{B5E5353F-037B-49E7-BD00-70557DB08B2F} = {BD399DFB-9A9C-4657-8970-D4E5F076AD10}
		{691037EC-8D84-488E-ADD3-205759982458} = {3F006996-A59D-4523-A58B-75636BD57D8E}
		{2370789E-6B67-47AB-86C7-15B95055F269} = {463CC398-407D-46FB-9CDF-7751A5612FDD}
		{5C53032A-A725-4DE8-92DC-1117C20DCB32} = {2BD777F4-8107-4F16-816F-6190FCDF15AD}
		{BD840EB2-A60D-4985-BEC4-491574A32BA6} = {C9394F79-3A14-45A1-82B4-4F8C323F625A}
		{9ACA238B-F7AB-473C-B296-6851D018747A} = {7C8EA171-EFA4-4232-977B-24B19458AF8F}
		{D0CFE31A-F8E7-4D03-BBD7-0586C57E7AD3} = {B20534ED-367E-4CB1-928E-4BA2902ECEB3}
		{D13AF668-0883-41AD-A727-4D05986C5072} = {7179F820-128C-46C0-A8F7-CC410092702F}
		{F67A4F66-E223-4C8A-AF55-66069F574D94} = {1074F619-11B2-4612-B4CA-B1FD9D6E6DDA}
		{78A9B48F-A929-42B7-9C32-52F614233D7C} = {B20534ED-367E-4CB1-928E-4BA2902ECEB3}
		{F7CDC8A3-AE47-4CA4-A5B3-B630818A59CE} = {F5C4DAE1-89BC-4035-8DD0-EE7E0201B66C}
		{516CBA7E-B7F6-4009-8283-9137DB6EFD92} = {5E92568F-4040-4205-855D-BA7DD03824D3}
		{28B9F59F-DC90-455E-BB70-18619768BE6E} = {5E92568F-4040-4205-855D-BA7DD03824D3}
		{17D75892-2DA2-4D81-B74F-3E5C5D2C9A95} = {5E92568F-4040-4205-855D-BA7DD03824D3}
		{8C8BCF26-6CB9-4A9F-916A-4AFD2E311073} = {5E92568F-4040-4205-855D-BA7DD03824D3}
		{DB81C22A-CBBD-438F-AE8D-D355D12F9C5F} = {00DD247B-1096-4C57-A724-FFCA577067ED}
	EndGlobalSection
EndGlobal
