
Microsoft Visual Studio Solution File, Format Version 11.00
# Visual Studio 2010
Project("{2150E333-8FDC-42A3-9474-1A3956D46DE8}") = "BLL", "BLL", "{285D59AC-547D-4B99-A625-3274B6C0FA28}"
EndProject
Project("{2150E333-8FDC-42A3-9474-1A3956D46DE8}") = "UI", "UI", "{568FD497-9E50-432D-9664-59F7A968B48B}"
EndProject
Project("{2150E333-8FDC-42A3-9474-1A3956D46DE8}") = "Model", "Model", "{AC294D43-4EAA-491C-8CDE-3920D05018AF}"
EndProject
Project("{2150E333-8FDC-42A3-9474-1A3956D46DE8}") = "Sys", "Sys", "{2C78713A-A8F7-429E-8F72-1401016658EE}"
EndProject
Project("{2150E333-8FDC-42A3-9474-1A3956D46DE8}") = "IDAL", "IDAL", "{78E41702-5E34-4668-8E87-867263DF3E21}"
EndProject
Project("{2150E333-8FDC-42A3-9474-1A3956D46DE8}") = "Service", "Service", "{8E368CE2-253A-49D2-8F4B-9C0C2FEB7218}"
EndProject
Project("{2150E333-8FDC-42A3-9474-1A3956D46DE8}") = "DBUtility", "DBUtility", "{4D9B99BF-4098-416E-8490-6727C9D7357C}"
EndProject
Project("{2150E333-8FDC-42A3-9474-1A3956D46DE8}") = "DALFactory", "DALFactory", "{EA5C2AE2-DF85-4493-B2A1-5DD4AA075440}"
EndProject
Project("{2150E333-8FDC-42A3-9474-1A3956D46DE8}") = "DAL", "DAL", "{810D655A-3138-4C1B-AA16-CCE3401A34E3}"
EndProject
Project("{2150E333-8FDC-42A3-9474-1A3956D46DE8}") = "Cache", "Cache", "{923E1A17-54D2-4709-B555-3B673EEFEF16}"
EndProject
Project("{2150E333-8FDC-42A3-9474-1A3956D46DE8}") = "Provider", "Provider", "{996ED33E-EE86-4BAA-BC35-C1173E131ED2}"
EndProject
Project("{2150E333-8FDC-42A3-9474-1A3956D46DE8}") = "MSMQ", "MSMQ", "{18109E93-7FF5-48E3-A435-6E7CF11DDE33}"
EndProject
Project("{FAE04EC0-301F-11D3-BF4B-00C04F79EFBC}") = "BLL", "BLL\BLL.csproj", "{F67A4F66-E223-4C8A-AF55-66069F574D94}"
EndProject
Project("{FAE04EC0-301F-11D3-BF4B-00C04F79EFBC}") = "DALFactory", "DALFactory\DALFactory.csproj", "{D13AF668-0883-41AD-A727-4D05986C5072}"
EndProject
Project("{FAE04EC0-301F-11D3-BF4B-00C04F79EFBC}") = "DBUtility", "DBUtility\DBUtility.csproj", "{2370789E-6B67-47AB-86C7-15B95055F269}"
EndProject
Project("{FAE04EC0-301F-11D3-BF4B-00C04F79EFBC}") = "IDAL", "IDAL\IDAL.csproj", "{9ACA238B-F7AB-473C-B296-6851D018747A}"
EndProject
Project("{FAE04EC0-301F-11D3-BF4B-00C04F79EFBC}") = "Model", "Model\Model.csproj", "{BD840EB2-A60D-4985-BEC4-491574A32BA6}"
EndProject
Project("{FAE04EC0-301F-11D3-BF4B-00C04F79EFBC}") = "CustomProvider", "CustomProvider\CustomProvider.csproj", "{691037EC-8D84-488E-ADD3-205759982458}"
EndProject
Project("{FAE04EC0-301F-11D3-BF4B-00C04F79EFBC}") = "Web", "Web\Web.csproj", "{3D1F8B12-DEC3-4453-955D-6BEA2878F46A}"
EndProject
Project("{2150E333-8FDC-42A3-9474-1A3956D46DE8}") = "WebHelper", "WebHelper", "{119514A1-FB13-447B-8466-910143B6282D}"
EndProject
Project("{FAE04EC0-301F-11D3-BF4B-00C04F79EFBC}") = "WebHelper", "WebHelper\WebHelper.csproj", "{B5E5353F-037B-49E7-BD00-70557DB08B2F}"
EndProject
Project("{FAE04EC0-301F-11D3-BF4B-00C04F79EFBC}") = "CacheHelper", "CacheHelper\CacheHelper.csproj", "{5C53032A-A725-4DE8-92DC-1117C20DCB32}"
EndProject
Project("{FAE04EC0-301F-11D3-BF4B-00C04F79EFBC}") = "DAL.MsSqlProvider", "DAL.MsSqlProvider\DAL.MsSqlProvider.csproj", "{D0CFE31A-F8E7-4D03-BBD7-0586C57E7AD3}"
EndProject
Project("{FAE04EC0-301F-11D3-BF4B-00C04F79EFBC}") = "DAL.XmlProvider", "DAL.XmlProvider\DAL.XmlProvider.csproj", "{78A9B48F-A929-42B7-9C32-52F614233D7C}"
EndProject
Project("{FAE04EC0-301F-11D3-BF4B-00C04F79EFBC}") = "IMessaging", "IMessaging\IMessaging.csproj", "{516CBA7E-B7F6-4009-8283-9137DB6EFD92}"
EndProject
Project("{FAE04EC0-301F-11D3-BF4B-00C04F79EFBC}") = "MessagingFactory", "MessagingFactory\MessagingFactory.csproj", "{17D75892-2DA2-4D81-B74F-3E5C5D2C9A95}"
EndProject
Project("{FAE04EC0-301F-11D3-BF4B-00C04F79EFBC}") = "MsmqMessaging", "MsmqMessaging\MsmqMessaging.csproj", "{8C8BCF26-6CB9-4A9F-916A-4AFD2E311073}"
EndProject
Project("{FAE04EC0-301F-11D3-BF4B-00C04F79EFBC}") = "ThreadHelper", "ThreadHelper\ThreadHelper.csproj", "{F7CDC8A3-AE47-4CA4-A5B3-B630818A59CE}"
EndProject
Project("{FAE04EC0-301F-11D3-BF4B-00C04F79EFBC}") = "TaskProcessor", "TaskProcessor\TaskProcessor.csproj", "{DB81C22A-CBBD-438F-AE8D-D355D12F9C5F}"
EndProject
Project("{FAE04EC0-301F-11D3-BF4B-00C04F79EFBC}") = "IBLLStrategy", "IBLLStrategy\IBLLStrategy.csproj", "{28B9F59F-DC90-455E-BB70-18619768BE6E}"
EndProject
Global
	GlobalSection(SolutionConfigurationPlatforms) = preSolution
		Debug|Any CPU = Debug|Any CPU
		Debug|Mixed Platforms = Debug|Mixed Platforms
		Debug|x86 = Debug|x86
		Release|Any CPU = Release|Any CPU
		Release|Mixed Platforms = Release|Mixed Platforms
		Release|x86 = Release|x86
	EndGlobalSection
	GlobalSection(ProjectConfigurationPlatforms) = postSolution
		{F67A4F66-E223-4C8A-AF55-66069F574D94}.Debug|Any CPU.ActiveCfg = Debug|Any CPU
		{F67A4F66-E223-4C8A-AF55-66069F574D94}.Debug|Any CPU.Build.0 = Debug|Any CPU
		{F67A4F66-E223-4C8A-AF55-66069F574D94}.Debug|Mixed Platforms.ActiveCfg = Debug|Any CPU
		{F67A4F66-E223-4C8A-AF55-66069F574D94}.Debug|Mixed Platforms.Build.0 = Debug|Any CPU
		{F67A4F66-E223-4C8A-AF55-66069F574D94}.Debug|x86.ActiveCfg = Debug|Any CPU
		{F67A4F66-E223-4C8A-AF55-66069F574D94}.Release|Any CPU.ActiveCfg = Release|Any CPU
		{F67A4F66-E223-4C8A-AF55-66069F574D94}.Release|Any CPU.Build.0 = Release|Any CPU
		{F67A4F66-E223-4C8A-AF55-66069F574D94}.Release|Mixed Platforms.ActiveCfg = Release|Any CPU
		{F67A4F66-E223-4C8A-AF55-66069F574D94}.Release|Mixed Platforms.Build.0 = Release|Any CPU
		{F67A4F66-E223-4C8A-AF55-66069F574D94}.Release|x86.ActiveCfg = Release|Any CPU
		{D13AF668-0883-41AD-A727-4D05986C5072}.Debug|Any CPU.ActiveCfg = Debug|Any CPU
		{D13AF668-0883-41AD-A727-4D05986C5072}.Debug|Any CPU.Build.0 = Debug|Any CPU
		{D13AF668-0883-41AD-A727-4D05986C5072}.Debug|Mixed Platforms.ActiveCfg = Debug|Any CPU
		{D13AF668-0883-41AD-A727-4D05986C5072}.Debug|Mixed Platforms.Build.0 = Debug|Any CPU
		{D13AF668-0883-41AD-A727-4D05986C5072}.Debug|x86.ActiveCfg = Debug|Any CPU
		{D13AF668-0883-41AD-A727-4D05986C5072}.Release|Any CPU.ActiveCfg = Release|Any CPU
		{D13AF668-0883-41AD-A727-4D05986C5072}.Release|Any CPU.Build.0 = Release|Any CPU
		{D13AF668-0883-41AD-A727-4D05986C5072}.Release|Mixed Platforms.ActiveCfg = Release|Any CPU
		{D13AF668-0883-41AD-A727-4D05986C5072}.Release|Mixed Platforms.Build.0 = Release|Any CPU
		{D13AF668-0883-41AD-A727-4D05986C5072}.Release|x86.ActiveCfg = Release|Any CPU
		{2370789E-6B67-47AB-86C7-15B95055F269}.Debug|Any CPU.ActiveCfg = Debug|Any CPU
		{2370789E-6B67-47AB-86C7-15B95055F269}.Debug|Any CPU.Build.0 = Debug|Any CPU
		{2370789E-6B67-47AB-86C7-15B95055F269}.Debug|Mixed Platforms.ActiveCfg = Debug|Any CPU
		{2370789E-6B67-47AB-86C7-15B95055F269}.Debug|Mixed Platforms.Build.0 = Debug|Any CPU
		{2370789E-6B67-47AB-86C7-15B95055F269}.Debug|x86.ActiveCfg = Debug|Any CPU
		{2370789E-6B67-47AB-86C7-15B95055F269}.Release|Any CPU.ActiveCfg = Release|Any CPU
		{2370789E-6B67-47AB-86C7-15B95055F269}.Release|Any CPU.Build.0 = Release|Any CPU
		{2370789E-6B67-47AB-86C7-15B95055F269}.Release|Mixed Platforms.ActiveCfg = Release|Any CPU
		{2370789E-6B67-47AB-86C7-15B95055F269}.Release|Mixed Platforms.Build.0 = Release|Any CPU
		{2370789E-6B67-47AB-86C7-15B95055F269}.Release|x86.ActiveCfg = Release|Any CPU
		{9ACA238B-F7AB-473C-B296-6851D018747A}.Debug|Any CPU.ActiveCfg = Debug|Any CPU
		{9ACA238B-F7AB-473C-B296-6851D018747A}.Debug|Any CPU.Build.0 = Debug|Any CPU
		{9ACA238B-F7AB-473C-B296-6851D018747A}.Debug|Mixed Platforms.ActiveCfg = Debug|Any CPU
		{9ACA238B-F7AB-473C-B296-6851D018747A}.Debug|Mixed Platforms.Build.0 = Debug|Any CPU
		{9ACA238B-F7AB-473C-B296-6851D018747A}.Debug|x86.ActiveCfg = Debug|Any CPU
		{9ACA238B-F7AB-473C-B296-6851D018747A}.Release|Any CPU.ActiveCfg = Release|Any CPU
		{9ACA238B-F7AB-473C-B296-6851D018747A}.Release|Any CPU.Build.0 = Release|Any CPU
		{9ACA238B-F7AB-473C-B296-6851D018747A}.Release|Mixed Platforms.ActiveCfg = Release|Any CPU
		{9ACA238B-F7AB-473C-B296-6851D018747A}.Release|Mixed Platforms.Build.0 = Release|Any CPU
		{9ACA238B-F7AB-473C-B296-6851D018747A}.Release|x86.ActiveCfg = Release|Any CPU
		{BD840EB2-A60D-4985-BEC4-491574A32BA6}.Debug|Any CPU.ActiveCfg = Debug|Any CPU
		{BD840EB2-A60D-4985-BEC4-491574A32BA6}.Debug|Any CPU.Build.0 = Debug|Any CPU
		{BD840EB2-A60D-4985-BEC4-491574A32BA6}.Debug|Mixed Platforms.ActiveCfg = Debug|Any CPU
		{BD840EB2-A60D-4985-BEC4-491574A32BA6}.Debug|Mixed Platforms.Build.0 = Debug|Any CPU
		{BD840EB2-A60D-4985-BEC4-491574A32BA6}.Debug|x86.ActiveCfg = Debug|Any CPU
		{BD840EB2-A60D-4985-BEC4-491574A32BA6}.Release|Any CPU.ActiveCfg = Release|Any CPU
		{BD840EB2-A60D-4985-BEC4-491574A32BA6}.Release|Any CPU.Build.0 = Release|Any CPU
		{BD840EB2-A60D-4985-BEC4-491574A32BA6}.Release|Mixed Platforms.ActiveCfg = Release|Any CPU
		{BD840EB2-A60D-4985-BEC4-491574A32BA6}.Release|Mixed Platforms.Build.0 = Release|Any CPU
		{BD840EB2-A60D-4985-BEC4-491574A32BA6}.Release|x86.ActiveCfg = Release|Any CPU
		{691037EC-8D84-488E-ADD3-205759982458}.Debug|Any CPU.ActiveCfg = Debug|Any CPU
		{691037EC-8D84-488E-ADD3-205759982458}.Debug|Any CPU.Build.0 = Debug|Any CPU
		{691037EC-8D84-488E-ADD3-205759982458}.Debug|Mixed Platforms.ActiveCfg = Debug|Any CPU
		{691037EC-8D84-488E-ADD3-205759982458}.Debug|Mixed Platforms.Build.0 = Debug|Any CPU
		{691037EC-8D84-488E-ADD3-205759982458}.Debug|x86.ActiveCfg = Debug|Any CPU
		{691037EC-8D84-488E-ADD3-205759982458}.Release|Any CPU.ActiveCfg = Release|Any CPU
		{691037EC-8D84-488E-ADD3-205759982458}.Release|Any CPU.Build.0 = Release|Any CPU
		{691037EC-8D84-488E-ADD3-205759982458}.Release|Mixed Platforms.ActiveCfg = Release|Any CPU
		{691037EC-8D84-488E-ADD3-205759982458}.Release|Mixed Platforms.Build.0 = Release|Any CPU
		{691037EC-8D84-488E-ADD3-205759982458}.Release|x86.ActiveCfg = Release|Any CPU
		{3D1F8B12-DEC3-4453-955D-6BEA2878F46A}.Debug|Any CPU.ActiveCfg = Debug|Any CPU
		{3D1F8B12-DEC3-4453-955D-6BEA2878F46A}.Debug|Any CPU.Build.0 = Debug|Any CPU
		{3D1F8B12-DEC3-4453-955D-6BEA2878F46A}.Debug|Mixed Platforms.ActiveCfg = Debug|Any CPU
		{3D1F8B12-DEC3-4453-955D-6BEA2878F46A}.Debug|Mixed Platforms.Build.0 = Debug|Any CPU
		{3D1F8B12-DEC3-4453-955D-6BEA2878F46A}.Debug|x86.ActiveCfg = Debug|Any CPU
		{3D1F8B12-DEC3-4453-955D-6BEA2878F46A}.Release|Any CPU.ActiveCfg = Release|Any CPU
		{3D1F8B12-DEC3-4453-955D-6BEA2878F46A}.Release|Any CPU.Build.0 = Release|Any CPU
		{3D1F8B12-DEC3-4453-955D-6BEA2878F46A}.Release|Mixed Platforms.ActiveCfg = Release|Any CPU
		{3D1F8B12-DEC3-4453-955D-6BEA2878F46A}.Release|Mixed Platforms.Build.0 = Release|Any CPU
		{3D1F8B12-DEC3-4453-955D-6BEA2878F46A}.Release|x86.ActiveCfg = Release|Any CPU
		{B5E5353F-037B-49E7-BD00-70557DB08B2F}.Debug|Any CPU.ActiveCfg = Debug|Any CPU
		{B5E5353F-037B-49E7-BD00-70557DB08B2F}.Debug|Any CPU.Build.0 = Debug|Any CPU
		{B5E5353F-037B-49E7-BD00-70557DB08B2F}.Debug|Mixed Platforms.ActiveCfg = Debug|Any CPU
		{B5E5353F-037B-49E7-BD00-70557DB08B2F}.Debug|Mixed Platforms.Build.0 = Debug|Any CPU
		{B5E5353F-037B-49E7-BD00-70557DB08B2F}.Debug|x86.ActiveCfg = Debug|Any CPU
		{B5E5353F-037B-49E7-BD00-70557DB08B2F}.Release|Any CPU.ActiveCfg = Release|Any CPU
		{B5E5353F-037B-49E7-BD00-70557DB08B2F}.Release|Any CPU.Build.0 = Release|Any CPU
		{B5E5353F-037B-49E7-BD00-70557DB08B2F}.Release|Mixed Platforms.ActiveCfg = Release|Any CPU
		{B5E5353F-037B-49E7-BD00-70557DB08B2F}.Release|Mixed Platforms.Build.0 = Release|Any CPU
		{B5E5353F-037B-49E7-BD00-70557DB08B2F}.Release|x86.ActiveCfg = Release|Any CPU
		{5C53032A-A725-4DE8-92DC-1117C20DCB32}.Debug|Any CPU.ActiveCfg = Debug|Any CPU
		{5C53032A-A725-4DE8-92DC-1117C20DCB32}.Debug|Any CPU.Build.0 = Debug|Any CPU
		{5C53032A-A725-4DE8-92DC-1117C20DCB32}.Debug|Mixed Platforms.ActiveCfg = Debug|Any CPU
		{5C53032A-A725-4DE8-92DC-1117C20DCB32}.Debug|Mixed Platforms.Build.0 = Debug|Any CPU
		{5C53032A-A725-4DE8-92DC-1117C20DCB32}.Debug|x86.ActiveCfg = Debug|Any CPU
		{5C53032A-A725-4DE8-92DC-1117C20DCB32}.Release|Any CPU.ActiveCfg = Release|Any CPU
		{5C53032A-A725-4DE8-92DC-1117C20DCB32}.Release|Any CPU.Build.0 = Release|Any CPU
		{5C53032A-A725-4DE8-92DC-1117C20DCB32}.Release|Mixed Platforms.ActiveCfg = Release|Any CPU
		{5C53032A-A725-4DE8-92DC-1117C20DCB32}.Release|Mixed Platforms.Build.0 = Release|Any CPU
		{5C53032A-A725-4DE8-92DC-1117C20DCB32}.Release|x86.ActiveCfg = Release|Any CPU
		{D0CFE31A-F8E7-4D03-BBD7-0586C57E7AD3}.Debug|Any CPU.ActiveCfg = Debug|Any CPU
		{D0CFE31A-F8E7-4D03-BBD7-0586C57E7AD3}.Debug|Any CPU.Build.0 = Debug|Any CPU
		{D0CFE31A-F8E7-4D03-BBD7-0586C57E7AD3}.Debug|Mixed Platforms.ActiveCfg = Debug|Any CPU
		{D0CFE31A-F8E7-4D03-BBD7-0586C57E7AD3}.Debug|Mixed Platforms.Build.0 = Debug|Any CPU
		{D0CFE31A-F8E7-4D03-BBD7-0586C57E7AD3}.Debug|x86.ActiveCfg = Debug|Any CPU
		{D0CFE31A-F8E7-4D03-BBD7-0586C57E7AD3}.Release|Any CPU.ActiveCfg = Release|Any CPU
		{D0CFE31A-F8E7-4D03-BBD7-0586C57E7AD3}.Release|Any CPU.Build.0 = Release|Any CPU
		{D0CFE31A-F8E7-4D03-BBD7-0586C57E7AD3}.Release|Mixed Platforms.ActiveCfg = Release|Any CPU
		{D0CFE31A-F8E7-4D03-BBD7-0586C57E7AD3}.Release|Mixed Platforms.Build.0 = Release|Any CPU
		{D0CFE31A-F8E7-4D03-BBD7-0586C57E7AD3}.Release|x86.ActiveCfg = Release|Any CPU
		{78A9B48F-A929-42B7-9C32-52F614233D7C}.Debug|Any CPU.ActiveCfg = Debug|Any CPU
		{78A9B48F-A929-42B7-9C32-52F614233D7C}.Debug|Any CPU.Build.0 = Debug|Any CPU
		{78A9B48F-A929-42B7-9C32-52F614233D7C}.Debug|Mixed Platforms.ActiveCfg = Debug|Any CPU
		{78A9B48F-A929-42B7-9C32-52F614233D7C}.Debug|Mixed Platforms.Build.0 = Debug|Any CPU
		{78A9B48F-A929-42B7-9C32-52F614233D7C}.Debug|x86.ActiveCfg = Debug|Any CPU
		{78A9B48F-A929-42B7-9C32-52F614233D7C}.Release|Any CPU.ActiveCfg = Release|Any CPU
		{78A9B48F-A929-42B7-9C32-52F614233D7C}.Release|Any CPU.Build.0 = Release|Any CPU
		{78A9B48F-A929-42B7-9C32-52F614233D7C}.Release|Mixed Platforms.ActiveCfg = Release|Any CPU
		{78A9B48F-A929-42B7-9C32-52F614233D7C}.Release|Mixed Platforms.Build.0 = Release|Any CPU
		{78A9B48F-A929-42B7-9C32-52F614233D7C}.Release|x86.ActiveCfg = Release|Any CPU
		{516CBA7E-B7F6-4009-8283-9137DB6EFD92}.Debug|Any CPU.ActiveCfg = Debug|Any CPU
		{516CBA7E-B7F6-4009-8283-9137DB6EFD92}.Debug|Any CPU.Build.0 = Debug|Any CPU
		{516CBA7E-B7F6-4009-8283-9137DB6EFD92}.Debug|Mixed Platforms.ActiveCfg = Debug|Any CPU
		{516CBA7E-B7F6-4009-8283-9137DB6EFD92}.Debug|Mixed Platforms.Build.0 = Debug|Any CPU
		{516CBA7E-B7F6-4009-8283-9137DB6EFD92}.Debug|x86.ActiveCfg = Debug|Any CPU
		{516CBA7E-B7F6-4009-8283-9137DB6EFD92}.Release|Any CPU.ActiveCfg = Release|Any CPU
		{516CBA7E-B7F6-4009-8283-9137DB6EFD92}.Release|Any CPU.Build.0 = Release|Any CPU
		{516CBA7E-B7F6-4009-8283-9137DB6EFD92}.Release|Mixed Platforms.ActiveCfg = Release|Any CPU
		{516CBA7E-B7F6-4009-8283-9137DB6EFD92}.Release|Mixed Platforms.Build.0 = Release|Any CPU
		{516CBA7E-B7F6-4009-8283-9137DB6EFD92}.Release|x86.ActiveCfg = Release|Any CPU
		{17D75892-2DA2-4D81-B74F-3E5C5D2C9A95}.Debug|Any CPU.ActiveCfg = Debug|Any CPU
		{17D75892-2DA2-4D81-B74F-3E5C5D2C9A95}.Debug|Any CPU.Build.0 = Debug|Any CPU
		{17D75892-2DA2-4D81-B74F-3E5C5D2C9A95}.Debug|Mixed Platforms.ActiveCfg = Debug|Any CPU
		{17D75892-2DA2-4D81-B74F-3E5C5D2C9A95}.Debug|Mixed Platforms.Build.0 = Debug|Any CPU
		{17D75892-2DA2-4D81-B74F-3E5C5D2C9A95}.Debug|x86.ActiveCfg = Debug|Any CPU
		{17D75892-2DA2-4D81-B74F-3E5C5D2C9A95}.Release|Any CPU.ActiveCfg = Release|Any CPU
		{17D75892-2DA2-4D81-B74F-3E5C5D2C9A95}.Release|Any CPU.Build.0 = Release|Any CPU
		{17D75892-2DA2-4D81-B74F-3E5C5D2C9A95}.Release|Mixed Platforms.ActiveCfg = Release|Any CPU
		{17D75892-2DA2-4D81-B74F-3E5C5D2C9A95}.Release|Mixed Platforms.Build.0 = Release|Any CPU
		{17D75892-2DA2-4D81-B74F-3E5C5D2C9A95}.Release|x86.ActiveCfg = Release|Any CPU
		{8C8BCF26-6CB9-4A9F-916A-4AFD2E311073}.Debug|Any CPU.ActiveCfg = Debug|Any CPU
		{8C8BCF26-6CB9-4A9F-916A-4AFD2E311073}.Debug|Any CPU.Build.0 = Debug|Any CPU
		{8C8BCF26-6CB9-4A9F-916A-4AFD2E311073}.Debug|Mixed Platforms.ActiveCfg = Debug|Any CPU
		{8C8BCF26-6CB9-4A9F-916A-4AFD2E311073}.Debug|Mixed Platforms.Build.0 = Debug|Any CPU
		{8C8BCF26-6CB9-4A9F-916A-4AFD2E311073}.Debug|x86.ActiveCfg = Debug|Any CPU
		{8C8BCF26-6CB9-4A9F-916A-4AFD2E311073}.Release|Any CPU.ActiveCfg = Release|Any CPU
		{8C8BCF26-6CB9-4A9F-916A-4AFD2E311073}.Release|Any CPU.Build.0 = Release|Any CPU
		{8C8BCF26-6CB9-4A9F-916A-4AFD2E311073}.Release|Mixed Platforms.ActiveCfg = Release|Any CPU
		{8C8BCF26-6CB9-4A9F-916A-4AFD2E311073}.Release|Mixed Platforms.Build.0 = Release|Any CPU
		{8C8BCF26-6CB9-4A9F-916A-4AFD2E311073}.Release|x86.ActiveCfg = Release|Any CPU
		{F7CDC8A3-AE47-4CA4-A5B3-B630818A59CE}.Debug|Any CPU.ActiveCfg = Debug|Any CPU
		{F7CDC8A3-AE47-4CA4-A5B3-B630818A59CE}.Debug|Any CPU.Build.0 = Debug|Any CPU
		{F7CDC8A3-AE47-4CA4-A5B3-B630818A59CE}.Debug|Mixed Platforms.ActiveCfg = Debug|Any CPU
		{F7CDC8A3-AE47-4CA4-A5B3-B630818A59CE}.Debug|Mixed Platforms.Build.0 = Debug|Any CPU
		{F7CDC8A3-AE47-4CA4-A5B3-B630818A59CE}.Debug|x86.ActiveCfg = Debug|Any CPU
		{F7CDC8A3-AE47-4CA4-A5B3-B630818A59CE}.Release|Any CPU.ActiveCfg = Release|Any CPU
		{F7CDC8A3-AE47-4CA4-A5B3-B630818A59CE}.Release|Any CPU.Build.0 = Release|Any CPU
		{F7CDC8A3-AE47-4CA4-A5B3-B630818A59CE}.Release|Mixed Platforms.ActiveCfg = Release|Any CPU
		{F7CDC8A3-AE47-4CA4-A5B3-B630818A59CE}.Release|Mixed Platforms.Build.0 = Release|Any CPU
		{F7CDC8A3-AE47-4CA4-A5B3-B630818A59CE}.Release|x86.ActiveCfg = Release|Any CPU
		{DB81C22A-CBBD-438F-AE8D-D355D12F9C5F}.Debug|Any CPU.ActiveCfg = Debug|x86
		{DB81C22A-CBBD-438F-AE8D-D355D12F9C5F}.Debug|Mixed Platforms.ActiveCfg = Debug|x86
		{DB81C22A-CBBD-438F-AE8D-D355D12F9C5F}.Debug|Mixed Platforms.Build.0 = Debug|x86
		{DB81C22A-CBBD-438F-AE8D-D355D12F9C5F}.Debug|x86.ActiveCfg = Debug|x86
		{DB81C22A-CBBD-438F-AE8D-D355D12F9C5F}.Debug|x86.Build.0 = Debug|x86
		{DB81C22A-CBBD-438F-AE8D-D355D12F9C5F}.Release|Any CPU.ActiveCfg = Release|x86
		{DB81C22A-CBBD-438F-AE8D-D355D12F9C5F}.Release|Mixed Platforms.ActiveCfg = Release|x86
		{DB81C22A-CBBD-438F-AE8D-D355D12F9C5F}.Release|Mixed Platforms.Build.0 = Release|x86
		{DB81C22A-CBBD-438F-AE8D-D355D12F9C5F}.Release|x86.ActiveCfg = Release|x86
		{DB81C22A-CBBD-438F-AE8D-D355D12F9C5F}.Release|x86.Build.0 = Release|x86
		{28B9F59F-DC90-455E-BB70-18619768BE6E}.Debug|Any CPU.ActiveCfg = Debug|Any CPU
		{28B9F59F-DC90-455E-BB70-18619768BE6E}.Debug|Any CPU.Build.0 = Debug|Any CPU
		{28B9F59F-DC90-455E-BB70-18619768BE6E}.Debug|Mixed Platforms.ActiveCfg = Debug|Any CPU
		{28B9F59F-DC90-455E-BB70-18619768BE6E}.Debug|Mixed Platforms.Build.0 = Debug|Any CPU
		{28B9F59F-DC90-455E-BB70-18619768BE6E}.Debug|x86.ActiveCfg = Debug|Any CPU
		{28B9F59F-DC90-455E-BB70-18619768BE6E}.Release|Any CPU.ActiveCfg = Release|Any CPU
		{28B9F59F-DC90-455E-BB70-18619768BE6E}.Release|Any CPU.Build.0 = Release|Any CPU
		{28B9F59F-DC90-455E-BB70-18619768BE6E}.Release|Mixed Platforms.ActiveCfg = Release|Any CPU
		{28B9F59F-DC90-455E-BB70-18619768BE6E}.Release|Mixed Platforms.Build.0 = Release|Any CPU
		{28B9F59F-DC90-455E-BB70-18619768BE6E}.Release|x86.ActiveCfg = Release|Any CPU
	EndGlobalSection
	GlobalSection(SolutionProperties) = preSolution
		HideSolutionNode = FALSE
	EndGlobalSection
	GlobalSection(NestedProjects) = preSolution
		{F67A4F66-E223-4C8A-AF55-66069F574D94} = {285D59AC-547D-4B99-A625-3274B6C0FA28}
		{28B9F59F-DC90-455E-BB70-18619768BE6E} = {285D59AC-547D-4B99-A625-3274B6C0FA28}
		{3D1F8B12-DEC3-4453-955D-6BEA2878F46A} = {568FD497-9E50-432D-9664-59F7A968B48B}
		{DB81C22A-CBBD-438F-AE8D-D355D12F9C5F} = {568FD497-9E50-432D-9664-59F7A968B48B}
		{BD840EB2-A60D-4985-BEC4-491574A32BA6} = {AC294D43-4EAA-491C-8CDE-3920D05018AF}
		{F7CDC8A3-AE47-4CA4-A5B3-B630818A59CE} = {2C78713A-A8F7-429E-8F72-1401016658EE}
		{9ACA238B-F7AB-473C-B296-6851D018747A} = {78E41702-5E34-4668-8E87-867263DF3E21}
		{2370789E-6B67-47AB-86C7-15B95055F269} = {4D9B99BF-4098-416E-8490-6727C9D7357C}
		{D13AF668-0883-41AD-A727-4D05986C5072} = {EA5C2AE2-DF85-4493-B2A1-5DD4AA075440}
		{D0CFE31A-F8E7-4D03-BBD7-0586C57E7AD3} = {810D655A-3138-4C1B-AA16-CCE3401A34E3}
		{78A9B48F-A929-42B7-9C32-52F614233D7C} = {810D655A-3138-4C1B-AA16-CCE3401A34E3}
		{5C53032A-A725-4DE8-92DC-1117C20DCB32} = {923E1A17-54D2-4709-B555-3B673EEFEF16}
		{691037EC-8D84-488E-ADD3-205759982458} = {996ED33E-EE86-4BAA-BC35-C1173E131ED2}
		{516CBA7E-B7F6-4009-8283-9137DB6EFD92} = {18109E93-7FF5-48E3-A435-6E7CF11DDE33}
		{17D75892-2DA2-4D81-B74F-3E5C5D2C9A95} = {18109E93-7FF5-48E3-A435-6E7CF11DDE33}
		{8C8BCF26-6CB9-4A9F-916A-4AFD2E311073} = {18109E93-7FF5-48E3-A435-6E7CF11DDE33}
		{B5E5353F-037B-49E7-BD00-70557DB08B2F} = {119514A1-FB13-447B-8466-910143B6282D}
	EndGlobalSection
EndGlobal
